// !$*UTF8*$!
{
	archiveVersion = 1;
	classes = {
	};
	objectVersion = 56;
	objects = {

/* Begin PBXBuildFile section */
		F548443429B46BF40068946C /* AppDelegate.swift in Sources */ = {isa = PBXBuildFile; fileRef = F548443329B46BF40068946C /* AppDelegate.swift */; };
		F548443629B46BF40068946C /* OnboardingViewController.swift in Sources */ = {isa = PBXBuildFile; fileRef = F548443529B46BF40068946C /* OnboardingViewController.swift */; };
		F548443829B46BF60068946C /* Assets.xcassets in Resources */ = {isa = PBXBuildFile; fileRef = F548443729B46BF60068946C /* Assets.xcassets */; };
		F548443B29B46BF60068946C /* Main.storyboard in Resources */ = {isa = PBXBuildFile; fileRef = F548443929B46BF60068946C /* Main.storyboard */; };
		F5863AA929B72635008109E4 /* SelectedTextExtracting.swift in Sources */ = {isa = PBXBuildFile; fileRef = F5863AA829B72635008109E4 /* SelectedTextExtracting.swift */; };
		F5863AAB29B72B67008109E4 /* UIElementAttributeName.swift in Sources */ = {isa = PBXBuildFile; fileRef = F5863AAA29B72B67008109E4 /* UIElementAttributeName.swift */; };
		F5863AAD29B73465008109E4 /* MainMenu.xib in Resources */ = {isa = PBXBuildFile; fileRef = F5863AAC29B73465008109E4 /* MainMenu.xib */; };
		F5863AAF29B735B6008109E4 /* main.swift in Sources */ = {isa = PBXBuildFile; fileRef = F5863AAE29B735B6008109E4 /* main.swift */; };
		F5863ACF29B77053008109E4 /* MethodStub.swift in Sources */ = {isa = PBXBuildFile; fileRef = F5863ACB29B77053008109E4 /* MethodStub.swift */; };
		F5863AD029B77053008109E4 /* AutoMockable.swifttemplate in Resources */ = {isa = PBXBuildFile; fileRef = F5863ACD29B77053008109E4 /* AutoMockable.swifttemplate */; };
		F5863AD129B77053008109E4 /* PropertyStub.swift in Sources */ = {isa = PBXBuildFile; fileRef = F5863ACE29B77053008109E4 /* PropertyStub.swift */; };
		F5863AD429B7720D008109E4 /* Mocks.swift in Sources */ = {isa = PBXBuildFile; fileRef = F5863AD329B7720D008109E4 /* Mocks.swift */; };
		F5863AD629B8A90D008109E4 /* NSPasteboardExt.swift in Sources */ = {isa = PBXBuildFile; fileRef = F5863AD529B8A90D008109E4 /* NSPasteboardExt.swift */; };
		F5863AE129B8AC89008109E4 /* AccessibilityBasedSelectedTextExtractorTests.swift in Sources */ = {isa = PBXBuildFile; fileRef = F5863AE029B8AC89008109E4 /* AccessibilityBasedSelectedTextExtractorTests.swift */; };
		F5863AEA29B9C17F008109E4 /* Helpers.swift in Sources */ = {isa = PBXBuildFile; fileRef = F5863AE929B9C17F008109E4 /* Helpers.swift */; };
		F595FD7229B596130052828F /* TranslationActivator.swift in Sources */ = {isa = PBXBuildFile; fileRef = F595FD7129B596130052828F /* TranslationActivator.swift */; };
		F595FD7529B596D00052828F /* AccessibilityUIElement.swift in Sources */ = {isa = PBXBuildFile; fileRef = F595FD7429B596D00052828F /* AccessibilityUIElement.swift */; };
		F595FD7729B5971A0052828F /* UIElementAccessor.swift in Sources */ = {isa = PBXBuildFile; fileRef = F595FD7629B5971A0052828F /* UIElementAccessor.swift */; };
		F595FD7929B5ABE10052828F /* AccessibilityErrors.swift in Sources */ = {isa = PBXBuildFile; fileRef = F595FD7829B5ABE10052828F /* AccessibilityErrors.swift */; };
		F595FD7B29B5ADA00052828F /* NSEventExt.swift in Sources */ = {isa = PBXBuildFile; fileRef = F595FD7A29B5ADA00052828F /* NSEventExt.swift */; };
		F595FD7D29B5AF1E0052828F /* TranslatorViewCoordinator.swift in Sources */ = {isa = PBXBuildFile; fileRef = F595FD7C29B5AF1E0052828F /* TranslatorViewCoordinator.swift */; };
		F595FD7F29B5B0B70052828F /* TranslatorWebViewController.swift in Sources */ = {isa = PBXBuildFile; fileRef = F595FD7E29B5B0B70052828F /* TranslatorWebViewController.swift */; };
/* End PBXBuildFile section */

/* Begin PBXContainerItemProxy section */
		F5863AB829B7605F008109E4 /* PBXContainerItemProxy */ = {
			isa = PBXContainerItemProxy;
			containerPortal = F548442829B46BF40068946C /* Project object */;
			proxyType = 1;
			remoteGlobalIDString = F548442F29B46BF40068946C;
			remoteInfo = YandexTranslate;
		};
/* End PBXContainerItemProxy section */

/* Begin PBXFileReference section */
		F548443029B46BF40068946C /* YandexTranslate.app */ = {isa = PBXFileReference; explicitFileType = wrapper.application; includeInIndex = 0; path = YandexTranslate.app; sourceTree = BUILT_PRODUCTS_DIR; };
		F548443329B46BF40068946C /* AppDelegate.swift */ = {isa = PBXFileReference; lastKnownFileType = sourcecode.swift; path = AppDelegate.swift; sourceTree = "<group>"; };
		F548443529B46BF40068946C /* OnboardingViewController.swift */ = {isa = PBXFileReference; lastKnownFileType = sourcecode.swift; path = OnboardingViewController.swift; sourceTree = "<group>"; };
		F548443729B46BF60068946C /* Assets.xcassets */ = {isa = PBXFileReference; lastKnownFileType = folder.assetcatalog; path = Assets.xcassets; sourceTree = "<group>"; };
		F548443A29B46BF60068946C /* Base */ = {isa = PBXFileReference; lastKnownFileType = file.storyboard; name = Base; path = Base.lproj/Main.storyboard; sourceTree = "<group>"; };
		F548443C29B46BF60068946C /* YandexTranslate.entitlements */ = {isa = PBXFileReference; lastKnownFileType = text.plist.entitlements; path = YandexTranslate.entitlements; sourceTree = "<group>"; };
		F5863AA829B72635008109E4 /* SelectedTextExtracting.swift */ = {isa = PBXFileReference; lastKnownFileType = sourcecode.swift; path = SelectedTextExtracting.swift; sourceTree = "<group>"; };
		F5863AAA29B72B67008109E4 /* UIElementAttributeName.swift */ = {isa = PBXFileReference; lastKnownFileType = sourcecode.swift; path = UIElementAttributeName.swift; sourceTree = "<group>"; };
		F5863AAC29B73465008109E4 /* MainMenu.xib */ = {isa = PBXFileReference; lastKnownFileType = file.xib; path = MainMenu.xib; sourceTree = "<group>"; };
		F5863AAE29B735B6008109E4 /* main.swift */ = {isa = PBXFileReference; lastKnownFileType = sourcecode.swift; path = main.swift; sourceTree = "<group>"; };
		F5863AB429B7605F008109E4 /* YandexTranslateTests.xctest */ = {isa = PBXFileReference; explicitFileType = wrapper.cfbundle; includeInIndex = 0; path = YandexTranslateTests.xctest; sourceTree = BUILT_PRODUCTS_DIR; };
		F5863ACB29B77053008109E4 /* MethodStub.swift */ = {isa = PBXFileReference; fileEncoding = 4; lastKnownFileType = sourcecode.swift; path = MethodStub.swift; sourceTree = "<group>"; };
		F5863ACD29B77053008109E4 /* AutoMockable.swifttemplate */ = {isa = PBXFileReference; fileEncoding = 4; lastKnownFileType = text; path = AutoMockable.swifttemplate; sourceTree = "<group>"; };
		F5863ACE29B77053008109E4 /* PropertyStub.swift */ = {isa = PBXFileReference; fileEncoding = 4; lastKnownFileType = sourcecode.swift; path = PropertyStub.swift; sourceTree = "<group>"; };
		F5863AD329B7720D008109E4 /* Mocks.swift */ = {isa = PBXFileReference; fileEncoding = 4; lastKnownFileType = sourcecode.swift; path = Mocks.swift; sourceTree = "<group>"; };
		F5863AD529B8A90D008109E4 /* NSPasteboardExt.swift */ = {isa = PBXFileReference; lastKnownFileType = sourcecode.swift; path = NSPasteboardExt.swift; sourceTree = "<group>"; };
		F5863AE029B8AC89008109E4 /* AccessibilityBasedSelectedTextExtractorTests.swift */ = {isa = PBXFileReference; lastKnownFileType = sourcecode.swift; path = AccessibilityBasedSelectedTextExtractorTests.swift; sourceTree = "<group>"; };
		F5863AE929B9C17F008109E4 /* Helpers.swift */ = {isa = PBXFileReference; lastKnownFileType = sourcecode.swift; path = Helpers.swift; sourceTree = "<group>"; };
		F595FD7129B596130052828F /* TranslationActivator.swift */ = {isa = PBXFileReference; lastKnownFileType = sourcecode.swift; path = TranslationActivator.swift; sourceTree = "<group>"; };
		F595FD7429B596D00052828F /* AccessibilityUIElement.swift */ = {isa = PBXFileReference; lastKnownFileType = sourcecode.swift; path = AccessibilityUIElement.swift; sourceTree = "<group>"; };
		F595FD7629B5971A0052828F /* UIElementAccessor.swift */ = {isa = PBXFileReference; lastKnownFileType = sourcecode.swift; path = UIElementAccessor.swift; sourceTree = "<group>"; };
		F595FD7829B5ABE10052828F /* AccessibilityErrors.swift */ = {isa = PBXFileReference; lastKnownFileType = sourcecode.swift; path = AccessibilityErrors.swift; sourceTree = "<group>"; };
		F595FD7A29B5ADA00052828F /* NSEventExt.swift */ = {isa = PBXFileReference; lastKnownFileType = sourcecode.swift; path = NSEventExt.swift; sourceTree = "<group>"; };
		F595FD7C29B5AF1E0052828F /* TranslatorViewCoordinator.swift */ = {isa = PBXFileReference; lastKnownFileType = sourcecode.swift; path = TranslatorViewCoordinator.swift; sourceTree = "<group>"; };
		F595FD7E29B5B0B70052828F /* TranslatorWebViewController.swift */ = {isa = PBXFileReference; lastKnownFileType = sourcecode.swift; path = TranslatorWebViewController.swift; sourceTree = "<group>"; };
/* End PBXFileReference section */

/* Begin PBXFrameworksBuildPhase section */
		F548442D29B46BF40068946C /* Frameworks */ = {
			isa = PBXFrameworksBuildPhase;
			buildActionMask = 2147483647;
			files = (
			);
			runOnlyForDeploymentPostprocessing = 0;
		};
		F5863AB129B7605F008109E4 /* Frameworks */ = {
			isa = PBXFrameworksBuildPhase;
			buildActionMask = 2147483647;
			files = (
			);
			runOnlyForDeploymentPostprocessing = 0;
		};
/* End PBXFrameworksBuildPhase section */

/* Begin PBXGroup section */
		F548442729B46BF40068946C = {
			isa = PBXGroup;
			children = (
				F548443229B46BF40068946C /* YandexTranslate */,
				F5863AB529B7605F008109E4 /* YandexTranslateTests */,
				F548443129B46BF40068946C /* Products */,
				F5863AE529B8C8E5008109E4 /* Frameworks */,
			);
			sourceTree = "<group>";
		};
		F548443129B46BF40068946C /* Products */ = {
			isa = PBXGroup;
			children = (
				F548443029B46BF40068946C /* YandexTranslate.app */,
				F5863AB429B7605F008109E4 /* YandexTranslateTests.xctest */,
			);
			name = Products;
			sourceTree = "<group>";
		};
		F548443229B46BF40068946C /* YandexTranslate */ = {
			isa = PBXGroup;
			children = (
				F548443C29B46BF60068946C /* YandexTranslate.entitlements */,
				F548443329B46BF40068946C /* AppDelegate.swift */,
				F5863AAE29B735B6008109E4 /* main.swift */,
				F548443529B46BF40068946C /* OnboardingViewController.swift */,
				F5863AA829B72635008109E4 /* SelectedTextExtracting.swift */,
				F595FD7129B596130052828F /* TranslationActivator.swift */,
				F595FD7C29B5AF1E0052828F /* TranslatorViewCoordinator.swift */,
				F595FD7E29B5B0B70052828F /* TranslatorWebViewController.swift */,
				F548443729B46BF60068946C /* Assets.xcassets */,
				F5863AAC29B73465008109E4 /* MainMenu.xib */,
				F595FD7329B596C30052828F /* Accessibility */,
				F548443929B46BF60068946C /* Main.storyboard */,
				F5863AD729B8A916008109E4 /* NSExtensions */,
			);
			path = YandexTranslate;
			sourceTree = "<group>";
		};
		F5863AB529B7605F008109E4 /* YandexTranslateTests */ = {
			isa = PBXGroup;
			children = (
				F5863AE029B8AC89008109E4 /* AccessibilityBasedSelectedTextExtractorTests.swift */,
				F5863AE829B9C16D008109E4 /* Infrastructure */,
				F5863ACA29B77053008109E4 /* MockGen */,
				F5863AD229B7720D008109E4 /* Mocks */,
			);
			path = YandexTranslateTests;
			sourceTree = "<group>";
		};
		F5863ACA29B77053008109E4 /* MockGen */ = {
			isa = PBXGroup;
			children = (
				F5863ACB29B77053008109E4 /* MethodStub.swift */,
				F5863ACE29B77053008109E4 /* PropertyStub.swift */,
				F5863ACC29B77053008109E4 /* Templates */,
			);
			path = MockGen;
			sourceTree = SOURCE_ROOT;
		};
		F5863ACC29B77053008109E4 /* Templates */ = {
			isa = PBXGroup;
			children = (
				F5863ACD29B77053008109E4 /* AutoMockable.swifttemplate */,
			);
			path = Templates;
			sourceTree = "<group>";
		};
		F5863AD229B7720D008109E4 /* Mocks */ = {
			isa = PBXGroup;
			children = (
				F5863AD329B7720D008109E4 /* Mocks.swift */,
			);
			path = Mocks;
			sourceTree = "<group>";
		};
		F5863AD729B8A916008109E4 /* NSExtensions */ = {
			isa = PBXGroup;
			children = (
				F595FD7A29B5ADA00052828F /* NSEventExt.swift */,
				F5863AD529B8A90D008109E4 /* NSPasteboardExt.swift */,
			);
			path = NSExtensions;
			sourceTree = "<group>";
		};
		F5863AE529B8C8E5008109E4 /* Frameworks */ = {
			isa = PBXGroup;
			children = (
			);
			name = Frameworks;
			sourceTree = "<group>";
		};
		F5863AE829B9C16D008109E4 /* Infrastructure */ = {
			isa = PBXGroup;
			children = (
				F5863AE929B9C17F008109E4 /* Helpers.swift */,
			);
			path = Infrastructure;
			sourceTree = "<group>";
		};
		F595FD7329B596C30052828F /* Accessibility */ = {
			isa = PBXGroup;
			children = (
				F595FD7829B5ABE10052828F /* AccessibilityErrors.swift */,
				F595FD7429B596D00052828F /* AccessibilityUIElement.swift */,
				F595FD7629B5971A0052828F /* UIElementAccessor.swift */,
				F5863AAA29B72B67008109E4 /* UIElementAttributeName.swift */,
			);
			path = Accessibility;
			sourceTree = "<group>";
		};
/* End PBXGroup section */

/* Begin PBXNativeTarget section */
		F548442F29B46BF40068946C /* YandexTranslate */ = {
			isa = PBXNativeTarget;
			buildConfigurationList = F548443F29B46BF60068946C /* Build configuration list for PBXNativeTarget "YandexTranslate" */;
			buildPhases = (
				F548442C29B46BF40068946C /* Sources */,
				F548442D29B46BF40068946C /* Frameworks */,
				F548442E29B46BF40068946C /* Resources */,
			);
			buildRules = (
			);
			dependencies = (
			);
			name = YandexTranslate;
			packageProductDependencies = (
			);
			productName = YandexTranslate;
			productReference = F548443029B46BF40068946C /* YandexTranslate.app */;
			productType = "com.apple.product-type.application";
		};
		F5863AB329B7605F008109E4 /* YandexTranslateTests */ = {
			isa = PBXNativeTarget;
			buildConfigurationList = F5863ABC29B7605F008109E4 /* Build configuration list for PBXNativeTarget "YandexTranslateTests" */;
			buildPhases = (
				F5863AB029B7605F008109E4 /* Sources */,
				F5863AB129B7605F008109E4 /* Frameworks */,
				F5863AB229B7605F008109E4 /* Resources */,
			);
			buildRules = (
			);
			dependencies = (
				F5863AB929B7605F008109E4 /* PBXTargetDependency */,
			);
			name = YandexTranslateTests;
			packageProductDependencies = (
			);
			productName = YandexTranslateTests;
			productReference = F5863AB429B7605F008109E4 /* YandexTranslateTests.xctest */;
			productType = "com.apple.product-type.bundle.unit-test";
		};
/* End PBXNativeTarget section */

/* Begin PBXProject section */
		F548442829B46BF40068946C /* Project object */ = {
			isa = PBXProject;
			attributes = {
				BuildIndependentTargetsInParallel = 1;
				LastSwiftUpdateCheck = 1400;
				LastUpgradeCheck = 1400;
				TargetAttributes = {
					F548442F29B46BF40068946C = {
						CreatedOnToolsVersion = 14.0.1;
					};
					F5863AB329B7605F008109E4 = {
						CreatedOnToolsVersion = 14.0.1;
						TestTargetID = F548442F29B46BF40068946C;
					};
				};
			};
			buildConfigurationList = F548442B29B46BF40068946C /* Build configuration list for PBXProject "YandexTranslate" */;
			compatibilityVersion = "Xcode 14.0";
			developmentRegion = en;
			hasScannedForEncodings = 0;
			knownRegions = (
				en,
				Base,
			);
			mainGroup = F548442729B46BF40068946C;
			packageReferences = (
			);
			productRefGroup = F548443129B46BF40068946C /* Products */;
			projectDirPath = "";
			projectRoot = "";
			targets = (
				F548442F29B46BF40068946C /* YandexTranslate */,
				F5863AB329B7605F008109E4 /* YandexTranslateTests */,
			);
		};
/* End PBXProject section */

/* Begin PBXResourcesBuildPhase section */
		F548442E29B46BF40068946C /* Resources */ = {
			isa = PBXResourcesBuildPhase;
			buildActionMask = 2147483647;
			files = (
				F548443829B46BF60068946C /* Assets.xcassets in Resources */,
				F548443B29B46BF60068946C /* Main.storyboard in Resources */,
				F5863AAD29B73465008109E4 /* MainMenu.xib in Resources */,
			);
			runOnlyForDeploymentPostprocessing = 0;
		};
		F5863AB229B7605F008109E4 /* Resources */ = {
			isa = PBXResourcesBuildPhase;
			buildActionMask = 2147483647;
			files = (
				F5863AD029B77053008109E4 /* AutoMockable.swifttemplate in Resources */,
			);
			runOnlyForDeploymentPostprocessing = 0;
		};
/* End PBXResourcesBuildPhase section */

/* Begin PBXSourcesBuildPhase section */
		F548442C29B46BF40068946C /* Sources */ = {
			isa = PBXSourcesBuildPhase;
			buildActionMask = 2147483647;
			files = (
				F5863AA929B72635008109E4 /* SelectedTextExtracting.swift in Sources */,
				F595FD7929B5ABE10052828F /* AccessibilityErrors.swift in Sources */,
				F5863AAF29B735B6008109E4 /* main.swift in Sources */,
				F548443629B46BF40068946C /* OnboardingViewController.swift in Sources */,
				F595FD7729B5971A0052828F /* UIElementAccessor.swift in Sources */,
				F595FD7F29B5B0B70052828F /* TranslatorWebViewController.swift in Sources */,
				F595FD7229B596130052828F /* TranslationActivator.swift in Sources */,
				F548443429B46BF40068946C /* AppDelegate.swift in Sources */,
				F595FD7529B596D00052828F /* AccessibilityUIElement.swift in Sources */,
				F595FD7B29B5ADA00052828F /* NSEventExt.swift in Sources */,
				F595FD7D29B5AF1E0052828F /* TranslatorViewCoordinator.swift in Sources */,
				F5863AAB29B72B67008109E4 /* UIElementAttributeName.swift in Sources */,
				F5863AD629B8A90D008109E4 /* NSPasteboardExt.swift in Sources */,
			);
			runOnlyForDeploymentPostprocessing = 0;
		};
		F5863AB029B7605F008109E4 /* Sources */ = {
			isa = PBXSourcesBuildPhase;
			buildActionMask = 2147483647;
			files = (
				F5863AD129B77053008109E4 /* PropertyStub.swift in Sources */,
				F5863AE129B8AC89008109E4 /* AccessibilityBasedSelectedTextExtractorTests.swift in Sources */,
				F5863ACF29B77053008109E4 /* MethodStub.swift in Sources */,
				F5863AEA29B9C17F008109E4 /* Helpers.swift in Sources */,
				F5863AD429B7720D008109E4 /* Mocks.swift in Sources */,
			);
			runOnlyForDeploymentPostprocessing = 0;
		};
/* End PBXSourcesBuildPhase section */

/* Begin PBXTargetDependency section */
		F5863AB929B7605F008109E4 /* PBXTargetDependency */ = {
			isa = PBXTargetDependency;
			target = F548442F29B46BF40068946C /* YandexTranslate */;
			targetProxy = F5863AB829B7605F008109E4 /* PBXContainerItemProxy */;
		};
/* End PBXTargetDependency section */

/* Begin PBXVariantGroup section */
		F548443929B46BF60068946C /* Main.storyboard */ = {
			isa = PBXVariantGroup;
			children = (
				F548443A29B46BF60068946C /* Base */,
			);
			name = Main.storyboard;
			sourceTree = "<group>";
		};
/* End PBXVariantGroup section */

/* Begin XCBuildConfiguration section */
		F548443D29B46BF60068946C /* Debug */ = {
			isa = XCBuildConfiguration;
			buildSettings = {
				ALWAYS_SEARCH_USER_PATHS = NO;
				CLANG_ANALYZER_NONNULL = YES;
				CLANG_ANALYZER_NUMBER_OBJECT_CONVERSION = YES_AGGRESSIVE;
				CLANG_CXX_LANGUAGE_STANDARD = "gnu++20";
				CLANG_ENABLE_MODULES = YES;
				CLANG_ENABLE_OBJC_ARC = YES;
				CLANG_ENABLE_OBJC_WEAK = YES;
				CLANG_WARN_BLOCK_CAPTURE_AUTORELEASING = YES;
				CLANG_WARN_BOOL_CONVERSION = YES;
				CLANG_WARN_COMMA = YES;
				CLANG_WARN_CONSTANT_CONVERSION = YES;
				CLANG_WARN_DEPRECATED_OBJC_IMPLEMENTATIONS = YES;
				CLANG_WARN_DIRECT_OBJC_ISA_USAGE = YES_ERROR;
				CLANG_WARN_DOCUMENTATION_COMMENTS = YES;
				CLANG_WARN_EMPTY_BODY = YES;
				CLANG_WARN_ENUM_CONVERSION = YES;
				CLANG_WARN_INFINITE_RECURSION = YES;
				CLANG_WARN_INT_CONVERSION = YES;
				CLANG_WARN_NON_LITERAL_NULL_CONVERSION = YES;
				CLANG_WARN_OBJC_IMPLICIT_RETAIN_SELF = YES;
				CLANG_WARN_OBJC_LITERAL_CONVERSION = YES;
				CLANG_WARN_OBJC_ROOT_CLASS = YES_ERROR;
				CLANG_WARN_QUOTED_INCLUDE_IN_FRAMEWORK_HEADER = YES;
				CLANG_WARN_RANGE_LOOP_ANALYSIS = YES;
				CLANG_WARN_STRICT_PROTOTYPES = YES;
				CLANG_WARN_SUSPICIOUS_MOVE = YES;
				CLANG_WARN_UNGUARDED_AVAILABILITY = YES_AGGRESSIVE;
				CLANG_WARN_UNREACHABLE_CODE = YES;
				CLANG_WARN__DUPLICATE_METHOD_MATCH = YES;
				COPY_PHASE_STRIP = NO;
				DEBUG_INFORMATION_FORMAT = dwarf;
				ENABLE_STRICT_OBJC_MSGSEND = YES;
				ENABLE_TESTABILITY = YES;
				GCC_C_LANGUAGE_STANDARD = gnu11;
				GCC_DYNAMIC_NO_PIC = NO;
				GCC_NO_COMMON_BLOCKS = YES;
				GCC_OPTIMIZATION_LEVEL = 0;
				GCC_PREPROCESSOR_DEFINITIONS = (
					"DEBUG=1",
					"$(inherited)",
				);
				GCC_WARN_64_TO_32_BIT_CONVERSION = YES;
				GCC_WARN_ABOUT_RETURN_TYPE = YES_ERROR;
				GCC_WARN_UNDECLARED_SELECTOR = YES;
				GCC_WARN_UNINITIALIZED_AUTOS = YES_AGGRESSIVE;
				GCC_WARN_UNUSED_FUNCTION = YES;
				GCC_WARN_UNUSED_VARIABLE = YES;
				MACOSX_DEPLOYMENT_TARGET = 12.3;
				MTL_ENABLE_DEBUG_INFO = INCLUDE_SOURCE;
				MTL_FAST_MATH = YES;
				ONLY_ACTIVE_ARCH = YES;
				SDKROOT = macosx;
				SWIFT_ACTIVE_COMPILATION_CONDITIONS = DEBUG;
				SWIFT_OPTIMIZATION_LEVEL = "-Onone";
			};
			name = Debug;
		};
		F548443E29B46BF60068946C /* Release */ = {
			isa = XCBuildConfiguration;
			buildSettings = {
				ALWAYS_SEARCH_USER_PATHS = NO;
				CLANG_ANALYZER_NONNULL = YES;
				CLANG_ANALYZER_NUMBER_OBJECT_CONVERSION = YES_AGGRESSIVE;
				CLANG_CXX_LANGUAGE_STANDARD = "gnu++20";
				CLANG_ENABLE_MODULES = YES;
				CLANG_ENABLE_OBJC_ARC = YES;
				CLANG_ENABLE_OBJC_WEAK = YES;
				CLANG_WARN_BLOCK_CAPTURE_AUTORELEASING = YES;
				CLANG_WARN_BOOL_CONVERSION = YES;
				CLANG_WARN_COMMA = YES;
				CLANG_WARN_CONSTANT_CONVERSION = YES;
				CLANG_WARN_DEPRECATED_OBJC_IMPLEMENTATIONS = YES;
				CLANG_WARN_DIRECT_OBJC_ISA_USAGE = YES_ERROR;
				CLANG_WARN_DOCUMENTATION_COMMENTS = YES;
				CLANG_WARN_EMPTY_BODY = YES;
				CLANG_WARN_ENUM_CONVERSION = YES;
				CLANG_WARN_INFINITE_RECURSION = YES;
				CLANG_WARN_INT_CONVERSION = YES;
				CLANG_WARN_NON_LITERAL_NULL_CONVERSION = YES;
				CLANG_WARN_OBJC_IMPLICIT_RETAIN_SELF = YES;
				CLANG_WARN_OBJC_LITERAL_CONVERSION = YES;
				CLANG_WARN_OBJC_ROOT_CLASS = YES_ERROR;
				CLANG_WARN_QUOTED_INCLUDE_IN_FRAMEWORK_HEADER = YES;
				CLANG_WARN_RANGE_LOOP_ANALYSIS = YES;
				CLANG_WARN_STRICT_PROTOTYPES = YES;
				CLANG_WARN_SUSPICIOUS_MOVE = YES;
				CLANG_WARN_UNGUARDED_AVAILABILITY = YES_AGGRESSIVE;
				CLANG_WARN_UNREACHABLE_CODE = YES;
				CLANG_WARN__DUPLICATE_METHOD_MATCH = YES;
				COPY_PHASE_STRIP = NO;
				DEBUG_INFORMATION_FORMAT = "dwarf-with-dsym";
				ENABLE_NS_ASSERTIONS = NO;
				ENABLE_STRICT_OBJC_MSGSEND = YES;
				GCC_C_LANGUAGE_STANDARD = gnu11;
				GCC_NO_COMMON_BLOCKS = YES;
				GCC_WARN_64_TO_32_BIT_CONVERSION = YES;
				GCC_WARN_ABOUT_RETURN_TYPE = YES_ERROR;
				GCC_WARN_UNDECLARED_SELECTOR = YES;
				GCC_WARN_UNINITIALIZED_AUTOS = YES_AGGRESSIVE;
				GCC_WARN_UNUSED_FUNCTION = YES;
				GCC_WARN_UNUSED_VARIABLE = YES;
				MACOSX_DEPLOYMENT_TARGET = 12.3;
				MTL_ENABLE_DEBUG_INFO = NO;
				MTL_FAST_MATH = YES;
				SDKROOT = macosx;
				SWIFT_COMPILATION_MODE = wholemodule;
				SWIFT_OPTIMIZATION_LEVEL = "-O";
			};
			name = Release;
		};
		F548444029B46BF60068946C /* Debug */ = {
			isa = XCBuildConfiguration;
			buildSettings = {
				ASSETCATALOG_COMPILER_APPICON_NAME = AppIcon;
				ASSETCATALOG_COMPILER_GLOBAL_ACCENT_COLOR_NAME = AccentColor;
				CODE_SIGN_ENTITLEMENTS = YandexTranslate/YandexTranslate.entitlements;
				CODE_SIGN_STYLE = Automatic;
				COMBINE_HIDPI_IMAGES = YES;
				CURRENT_PROJECT_VERSION = 1;
				DEVELOPMENT_TEAM = BFCZTEYG58;
				ENABLE_HARDENED_RUNTIME = YES;
				GENERATE_INFOPLIST_FILE = YES;
				INFOPLIST_KEY_CFBundleDisplayName = "Yandex Translate";
				INFOPLIST_KEY_NSHumanReadableCopyright = "";
				INFOPLIST_KEY_NSPrincipalClass = NSApplication;
				LD_RUNPATH_SEARCH_PATHS = (
					"$(inherited)",
					"@executable_path/../Frameworks",
				);
				MARKETING_VERSION = 1.0;
				PRODUCT_BUNDLE_IDENTIFIER = com.librekht.YandexTranslate;
				PRODUCT_NAME = "$(TARGET_NAME)";
				SWIFT_EMIT_LOC_STRINGS = YES;
				SWIFT_VERSION = 5.0;
			};
			name = Debug;
		};
		F548444129B46BF60068946C /* Release */ = {
			isa = XCBuildConfiguration;
			buildSettings = {
				ASSETCATALOG_COMPILER_APPICON_NAME = AppIcon;
				ASSETCATALOG_COMPILER_GLOBAL_ACCENT_COLOR_NAME = AccentColor;
				CODE_SIGN_ENTITLEMENTS = YandexTranslate/YandexTranslate.entitlements;
				CODE_SIGN_STYLE = Automatic;
				COMBINE_HIDPI_IMAGES = YES;
				CURRENT_PROJECT_VERSION = 1;
				DEVELOPMENT_TEAM = BFCZTEYG58;
				ENABLE_HARDENED_RUNTIME = YES;
				GENERATE_INFOPLIST_FILE = YES;
				INFOPLIST_KEY_CFBundleDisplayName = "Yandex Translate";
				INFOPLIST_KEY_NSHumanReadableCopyright = "";
				INFOPLIST_KEY_NSPrincipalClass = NSApplication;
				LD_RUNPATH_SEARCH_PATHS = (
					"$(inherited)",
					"@executable_path/../Frameworks",
				);
				MARKETING_VERSION = 1.0;
				PRODUCT_BUNDLE_IDENTIFIER = com.librekht.YandexTranslate;
				PRODUCT_NAME = "$(TARGET_NAME)";
				SWIFT_EMIT_LOC_STRINGS = YES;
				SWIFT_VERSION = 5.0;
			};
			name = Release;
		};
		F5863ABA29B7605F008109E4 /* Debug */ = {
			isa = XCBuildConfiguration;
			buildSettings = {
				BUNDLE_LOADER = "$(TEST_HOST)";
				CODE_SIGN_STYLE = Automatic;
				CURRENT_PROJECT_VERSION = 1;
				DEVELOPMENT_TEAM = BFCZTEYG58;
				GENERATE_INFOPLIST_FILE = YES;
				MARKETING_VERSION = 1.0;
				PRODUCT_BUNDLE_IDENTIFIER = com.librekht.YandexTranslateTests;
				PRODUCT_NAME = "$(TARGET_NAME)";
				SWIFT_EMIT_LOC_STRINGS = NO;
				SWIFT_VERSION = 5.0;
				TEST_HOST = "$(BUILT_PRODUCTS_DIR)/YandexTranslate.app/$(BUNDLE_EXECUTABLE_FOLDER_PATH)/YandexTranslate";
			};
			name = Debug;
		};
		F5863ABB29B7605F008109E4 /* Release */ = {
			isa = XCBuildConfiguration;
			buildSettings = {
				BUNDLE_LOADER = "$(TEST_HOST)";
				CODE_SIGN_STYLE = Automatic;
				CURRENT_PROJECT_VERSION = 1;
				DEVELOPMENT_TEAM = BFCZTEYG58;
				GENERATE_INFOPLIST_FILE = YES;
				MARKETING_VERSION = 1.0;
				PRODUCT_BUNDLE_IDENTIFIER = com.librekht.YandexTranslateTests;
				PRODUCT_NAME = "$(TARGET_NAME)";
				SWIFT_EMIT_LOC_STRINGS = NO;
				SWIFT_VERSION = 5.0;
				TEST_HOST = "$(BUILT_PRODUCTS_DIR)/YandexTranslate.app/$(BUNDLE_EXECUTABLE_FOLDER_PATH)/YandexTranslate";
			};
			name = Release;
		};
/* End XCBuildConfiguration section */

/* Begin XCConfigurationList section */
		F548442B29B46BF40068946C /* Build configuration list for PBXProject "YandexTranslate" */ = {
			isa = XCConfigurationList;
			buildConfigurations = (
				F548443D29B46BF60068946C /* Debug */,
				F548443E29B46BF60068946C /* Release */,
			);
			defaultConfigurationIsVisible = 0;
			defaultConfigurationName = Release;
		};
		F548443F29B46BF60068946C /* Build configuration list for PBXNativeTarget "YandexTranslate" */ = {
			isa = XCConfigurationList;
			buildConfigurations = (
				F548444029B46BF60068946C /* Debug */,
				F548444129B46BF60068946C /* Release */,
			);
			defaultConfigurationIsVisible = 0;
			defaultConfigurationName = Release;
		};
		F5863ABC29B7605F008109E4 /* Build configuration list for PBXNativeTarget "YandexTranslateTests" */ = {
			isa = XCConfigurationList;
			buildConfigurations = (
				F5863ABA29B7605F008109E4 /* Debug */,
				F5863ABB29B7605F008109E4 /* Release */,
			);
			defaultConfigurationIsVisible = 0;
			defaultConfigurationName = Release;
		};
/* End XCConfigurationList section */
	};
	rootObject = F548442829B46BF40068946C /* Project object */;
}
